// !$*UTF8*$!
{
	archiveVersion = 1;
	classes = {
	};
	objectVersion = 46;
	objects = {

/* Begin PBXBuildFile section */
		1CCE76601EF9B1E100303544 /* SongFolder.swift in Sources */ = {isa = PBXBuildFile; fileRef = 1CCE765F1EF9B1E100303544 /* SongFolder.swift */; };
		1CD81EC71EEAED04006098D1 /* AppDelegate.swift in Sources */ = {isa = PBXBuildFile; fileRef = 1CD81EC61EEAED04006098D1 /* AppDelegate.swift */; };
		1CD81EC91EEAED04006098D1 /* ViewController.swift in Sources */ = {isa = PBXBuildFile; fileRef = 1CD81EC81EEAED04006098D1 /* ViewController.swift */; };
		1CD81ECC1EEAED04006098D1 /* Main.storyboard in Resources */ = {isa = PBXBuildFile; fileRef = 1CD81ECA1EEAED04006098D1 /* Main.storyboard */; };
		1CD81ECF1EEAED04006098D1 /* XCSync.xcdatamodeld in Sources */ = {isa = PBXBuildFile; fileRef = 1CD81ECD1EEAED04006098D1 /* XCSync.xcdatamodeld */; };
		1CD81ED11EEAED04006098D1 /* Assets.xcassets in Resources */ = {isa = PBXBuildFile; fileRef = 1CD81ED01EEAED04006098D1 /* Assets.xcassets */; };
		1CD81ED41EEAED04006098D1 /* LaunchScreen.storyboard in Resources */ = {isa = PBXBuildFile; fileRef = 1CD81ED21EEAED04006098D1 /* LaunchScreen.storyboard */; };
		1CD81EE81EEB15CD006098D1 /* BPMDetector.mm in Sources */ = {isa = PBXBuildFile; fileRef = 1CD81EE71EEB15CD006098D1 /* BPMDetector.mm */; };
		1CD81EF51EEB249E006098D1 /* AdvPlayer.mm in Sources */ = {isa = PBXBuildFile; fileRef = 1CD81EF31EEB249E006098D1 /* AdvPlayer.mm */; };
		1CD81EF81EEB250C006098D1 /* SuperpoweredIOSAudioIO.mm in Sources */ = {isa = PBXBuildFile; fileRef = 1CD81EF71EEB250C006098D1 /* SuperpoweredIOSAudioIO.mm */; };
		1CD81EFA1EEB378F006098D1 /* libSuperpoweredAudioIOS.a in Frameworks */ = {isa = PBXBuildFile; fileRef = 1CD81EF91EEB378F006098D1 /* libSuperpoweredAudioIOS.a */; };
		1CD81F051EEC4309006098D1 /* Song.swift in Sources */ = {isa = PBXBuildFile; fileRef = 1CD81F041EEC4309006098D1 /* Song.swift */; };
		1CD81F091EED6150006098D1 /* SongTableVC.swift in Sources */ = {isa = PBXBuildFile; fileRef = 1CD81F081EED6150006098D1 /* SongTableVC.swift */; };
/* End PBXBuildFile section */

/* Begin PBXFileReference section */
		1CCE765F1EF9B1E100303544 /* SongFolder.swift */ = {isa = PBXFileReference; fileEncoding = 4; lastKnownFileType = sourcecode.swift; path = SongFolder.swift; sourceTree = "<group>"; };
		1CD81EC31EEAED04006098D1 /* XCSync.app */ = {isa = PBXFileReference; explicitFileType = wrapper.application; includeInIndex = 0; path = XCSync.app; sourceTree = BUILT_PRODUCTS_DIR; };
		1CD81EC61EEAED04006098D1 /* AppDelegate.swift */ = {isa = PBXFileReference; lastKnownFileType = sourcecode.swift; path = AppDelegate.swift; sourceTree = "<group>"; };
		1CD81EC81EEAED04006098D1 /* ViewController.swift */ = {isa = PBXFileReference; lastKnownFileType = sourcecode.swift; path = ViewController.swift; sourceTree = "<group>"; };
		1CD81ECB1EEAED04006098D1 /* Base */ = {isa = PBXFileReference; lastKnownFileType = file.storyboard; name = Base; path = Base.lproj/Main.storyboard; sourceTree = "<group>"; };
		1CD81ECE1EEAED04006098D1 /* XCSync.xcdatamodel */ = {isa = PBXFileReference; lastKnownFileType = wrapper.xcdatamodel; path = XCSync.xcdatamodel; sourceTree = "<group>"; };
		1CD81ED01EEAED04006098D1 /* Assets.xcassets */ = {isa = PBXFileReference; lastKnownFileType = folder.assetcatalog; path = Assets.xcassets; sourceTree = "<group>"; };
		1CD81ED31EEAED04006098D1 /* Base */ = {isa = PBXFileReference; lastKnownFileType = file.storyboard; name = Base; path = Base.lproj/LaunchScreen.storyboard; sourceTree = "<group>"; };
		1CD81ED51EEAED04006098D1 /* Info.plist */ = {isa = PBXFileReference; lastKnownFileType = text.plist.xml; path = Info.plist; sourceTree = "<group>"; };
		1CD81EDE1EEB118B006098D1 /* XCSync-Bridging-Header.h */ = {isa = PBXFileReference; lastKnownFileType = sourcecode.c.h; path = "XCSync-Bridging-Header.h"; sourceTree = "<group>"; };
		1CD81EE61EEB15CD006098D1 /* BPMDetector.h */ = {isa = PBXFileReference; fileEncoding = 4; lastKnownFileType = sourcecode.c.h; path = BPMDetector.h; sourceTree = "<group>"; };
		1CD81EE71EEB15CD006098D1 /* BPMDetector.mm */ = {isa = PBXFileReference; fileEncoding = 4; lastKnownFileType = sourcecode.cpp.objcpp; path = BPMDetector.mm; sourceTree = "<group>"; };
		1CD81EF31EEB249E006098D1 /* AdvPlayer.mm */ = {isa = PBXFileReference; fileEncoding = 4; lastKnownFileType = sourcecode.cpp.objcpp; path = AdvPlayer.mm; sourceTree = "<group>"; };
		1CD81EF41EEB249E006098D1 /* AdvPlayer.h */ = {isa = PBXFileReference; fileEncoding = 4; lastKnownFileType = sourcecode.c.h; path = AdvPlayer.h; sourceTree = "<group>"; };
		1CD81EF61EEB250C006098D1 /* SuperpoweredIOSAudioIO.h */ = {isa = PBXFileReference; fileEncoding = 4; lastKnownFileType = sourcecode.c.h; path = SuperpoweredIOSAudioIO.h; sourceTree = "<group>"; };
		1CD81EF71EEB250C006098D1 /* SuperpoweredIOSAudioIO.mm */ = {isa = PBXFileReference; fileEncoding = 4; lastKnownFileType = sourcecode.cpp.objcpp; path = SuperpoweredIOSAudioIO.mm; sourceTree = "<group>"; };
		1CD81EF91EEB378F006098D1 /* libSuperpoweredAudioIOS.a */ = {isa = PBXFileReference; lastKnownFileType = archive.ar; path = libSuperpoweredAudioIOS.a; sourceTree = "<group>"; };
		1CD81EFB1EEB37F0006098D1 /* SuperpoweredAdvancedAudioPlayer.h */ = {isa = PBXFileReference; fileEncoding = 4; lastKnownFileType = sourcecode.c.h; path = SuperpoweredAdvancedAudioPlayer.h; sourceTree = "<group>"; };
		1CD81EFC1EEB37F0006098D1 /* SuperpoweredAnalyzer.h */ = {isa = PBXFileReference; fileEncoding = 4; lastKnownFileType = sourcecode.c.h; path = SuperpoweredAnalyzer.h; sourceTree = "<group>"; };
		1CD81EFD1EEB37F0006098D1 /* SuperpoweredAudioBuffers.h */ = {isa = PBXFileReference; fileEncoding = 4; lastKnownFileType = sourcecode.c.h; path = SuperpoweredAudioBuffers.h; sourceTree = "<group>"; };
		1CD81EFE1EEB37F0006098D1 /* SuperpoweredDecoder.h */ = {isa = PBXFileReference; fileEncoding = 4; lastKnownFileType = sourcecode.c.h; path = SuperpoweredDecoder.h; sourceTree = "<group>"; };
		1CD81EFF1EEB37F0006098D1 /* SuperpoweredSimple.h */ = {isa = PBXFileReference; fileEncoding = 4; lastKnownFileType = sourcecode.c.h; path = SuperpoweredSimple.h; sourceTree = "<group>"; };
		1CD81F041EEC4309006098D1 /* Song.swift */ = {isa = PBXFileReference; fileEncoding = 4; lastKnownFileType = sourcecode.swift; path = Song.swift; sourceTree = "<group>"; };
		1CD81F081EED6150006098D1 /* SongTableVC.swift */ = {isa = PBXFileReference; fileEncoding = 4; lastKnownFileType = sourcecode.swift; path = SongTableVC.swift; sourceTree = "<group>"; };
/* End PBXFileReference section */

/* Begin PBXFrameworksBuildPhase section */
		1CD81EC01EEAED04006098D1 /* Frameworks */ = {
			isa = PBXFrameworksBuildPhase;
			buildActionMask = 2147483647;
			files = (
				1CD81EFA1EEB378F006098D1 /* libSuperpoweredAudioIOS.a in Frameworks */,
			);
			runOnlyForDeploymentPostprocessing = 0;
		};
/* End PBXFrameworksBuildPhase section */

/* Begin PBXGroup section */
		1CCE76611EF9B1E400303544 /* Model */ = {
			isa = PBXGroup;
			children = (
				1CD81F041EEC4309006098D1 /* Song.swift */,
				1CCE765F1EF9B1E100303544 /* SongFolder.swift */,
			);
			name = Model;
			sourceTree = "<group>";
		};
		1CD81EBA1EEAED04006098D1 = {
			isa = PBXGroup;
			children = (
				1CD81EC51EEAED04006098D1 /* XCSync */,
				1CD81EC41EEAED04006098D1 /* Products */,
			);
			sourceTree = "<group>";
		};
		1CD81EC41EEAED04006098D1 /* Products */ = {
			isa = PBXGroup;
			children = (
				1CD81EC31EEAED04006098D1 /* XCSync.app */,
			);
			name = Products;
			sourceTree = "<group>";
		};
		1CD81EC51EEAED04006098D1 /* XCSync */ = {
			isa = PBXGroup;
			children = (
				1CD81EDE1EEB118B006098D1 /* XCSync-Bridging-Header.h */,
				1CD81EDB1EEB112D006098D1 /* Superpowered */,
				1CD81EC61EEAED04006098D1 /* AppDelegate.swift */,
				1CD81EC81EEAED04006098D1 /* ViewController.swift */,
				1CD81F081EED6150006098D1 /* SongTableVC.swift */,
				1CCE76611EF9B1E400303544 /* Model */,
				1CD81ECA1EEAED04006098D1 /* Main.storyboard */,
				1CD81ED01EEAED04006098D1 /* Assets.xcassets */,
				1CD81ED21EEAED04006098D1 /* LaunchScreen.storyboard */,
				1CD81ED51EEAED04006098D1 /* Info.plist */,
				1CD81ECD1EEAED04006098D1 /* XCSync.xcdatamodeld */,
			);
			path = XCSync;
			sourceTree = "<group>";
		};
		1CD81EDB1EEB112D006098D1 /* Superpowered */ = {
			isa = PBXGroup;
			children = (
				1CD81EF91EEB378F006098D1 /* libSuperpoweredAudioIOS.a */,
				1CD81EF61EEB250C006098D1 /* SuperpoweredIOSAudioIO.h */,
				1CD81EF71EEB250C006098D1 /* SuperpoweredIOSAudioIO.mm */,
				1CD81EFB1EEB37F0006098D1 /* SuperpoweredAdvancedAudioPlayer.h */,
				1CD81EFC1EEB37F0006098D1 /* SuperpoweredAnalyzer.h */,
				1CD81EFD1EEB37F0006098D1 /* SuperpoweredAudioBuffers.h */,
				1CD81EFE1EEB37F0006098D1 /* SuperpoweredDecoder.h */,
				1CD81EFF1EEB37F0006098D1 /* SuperpoweredSimple.h */,
				1CD81EE61EEB15CD006098D1 /* BPMDetector.h */,
				1CD81EE71EEB15CD006098D1 /* BPMDetector.mm */,
				1CD81EF41EEB249E006098D1 /* AdvPlayer.h */,
				1CD81EF31EEB249E006098D1 /* AdvPlayer.mm */,
			);
			name = Superpowered;
			sourceTree = "<group>";
		};
/* End PBXGroup section */

/* Begin PBXNativeTarget section */
		1CD81EC21EEAED04006098D1 /* XCSync */ = {
			isa = PBXNativeTarget;
			buildConfigurationList = 1CD81ED81EEAED04006098D1 /* Build configuration list for PBXNativeTarget "XCSync" */;
			buildPhases = (
				1CD81EBF1EEAED04006098D1 /* Sources */,
				1CD81EC01EEAED04006098D1 /* Frameworks */,
				1CD81EC11EEAED04006098D1 /* Resources */,
			);
			buildRules = (
			);
			dependencies = (
			);
			name = XCSync;
			productName = XCSync;
			productReference = 1CD81EC31EEAED04006098D1 /* XCSync.app */;
			productType = "com.apple.product-type.application";
		};
/* End PBXNativeTarget section */

/* Begin PBXProject section */
		1CD81EBB1EEAED04006098D1 /* Project object */ = {
			isa = PBXProject;
			attributes = {
				LastSwiftUpdateCheck = 0830;
				LastUpgradeCheck = 0830;
				ORGANIZATIONNAME = BradzTech;
				TargetAttributes = {
					1CD81EC21EEAED04006098D1 = {
						CreatedOnToolsVersion = 8.3.2;
						DevelopmentTeam = M8B59A97XZ;
						LastSwiftMigration = 0830;
						ProvisioningStyle = Automatic;
						SystemCapabilities = {
							com.apple.BackgroundModes = {
								enabled = 1;
							};
						};
					};
				};
			};
			buildConfigurationList = 1CD81EBE1EEAED04006098D1 /* Build configuration list for PBXProject "XCSync" */;
			compatibilityVersion = "Xcode 3.2";
			developmentRegion = English;
			hasScannedForEncodings = 0;
			knownRegions = (
				en,
				Base,
			);
			mainGroup = 1CD81EBA1EEAED04006098D1;
			productRefGroup = 1CD81EC41EEAED04006098D1 /* Products */;
			projectDirPath = "";
			projectRoot = "";
			targets = (
				1CD81EC21EEAED04006098D1 /* XCSync */,
			);
		};
/* End PBXProject section */

/* Begin PBXResourcesBuildPhase section */
		1CD81EC11EEAED04006098D1 /* Resources */ = {
			isa = PBXResourcesBuildPhase;
			buildActionMask = 2147483647;
			files = (
				1CD81ED41EEAED04006098D1 /* LaunchScreen.storyboard in Resources */,
				1CD81ED11EEAED04006098D1 /* Assets.xcassets in Resources */,
				1CD81ECC1EEAED04006098D1 /* Main.storyboard in Resources */,
			);
			runOnlyForDeploymentPostprocessing = 0;
		};
/* End PBXResourcesBuildPhase section */

/* Begin PBXSourcesBuildPhase section */
		1CD81EBF1EEAED04006098D1 /* Sources */ = {
			isa = PBXSourcesBuildPhase;
			buildActionMask = 2147483647;
			files = (
				1CD81F091EED6150006098D1 /* SongTableVC.swift in Sources */,
				1CD81EE81EEB15CD006098D1 /* BPMDetector.mm in Sources */,
				1CD81EF81EEB250C006098D1 /* SuperpoweredIOSAudioIO.mm in Sources */,
				1CD81EC91EEAED04006098D1 /* ViewController.swift in Sources */,
				1CD81F051EEC4309006098D1 /* Song.swift in Sources */,
				1CD81ECF1EEAED04006098D1 /* XCSync.xcdatamodeld in Sources */,
				1CCE76601EF9B1E100303544 /* SongFolder.swift in Sources */,
				1CD81EF51EEB249E006098D1 /* AdvPlayer.mm in Sources */,
				1CD81EC71EEAED04006098D1 /* AppDelegate.swift in Sources */,
			);
			runOnlyForDeploymentPostprocessing = 0;
		};
/* End PBXSourcesBuildPhase section */

/* Begin PBXVariantGroup section */
		1CD81ECA1EEAED04006098D1 /* Main.storyboard */ = {
			isa = PBXVariantGroup;
			children = (
				1CD81ECB1EEAED04006098D1 /* Base */,
			);
			name = Main.storyboard;
			sourceTree = "<group>";
		};
		1CD81ED21EEAED04006098D1 /* LaunchScreen.storyboard */ = {
			isa = PBXVariantGroup;
			children = (
				1CD81ED31EEAED04006098D1 /* Base */,
			);
			name = LaunchScreen.storyboard;
			sourceTree = "<group>";
		};
/* End PBXVariantGroup section */

/* Begin XCBuildConfiguration section */
		1CD81ED61EEAED04006098D1 /* Debug */ = {
			isa = XCBuildConfiguration;
			buildSettings = {
				ALWAYS_SEARCH_USER_PATHS = NO;
				CLANG_ANALYZER_NONNULL = YES;
				CLANG_ANALYZER_NUMBER_OBJECT_CONVERSION = YES_AGGRESSIVE;
				CLANG_CXX_LANGUAGE_STANDARD = "gnu++0x";
				CLANG_CXX_LIBRARY = "libc++";
				CLANG_ENABLE_MODULES = YES;
				CLANG_ENABLE_OBJC_ARC = YES;
				CLANG_WARN_BOOL_CONVERSION = YES;
				CLANG_WARN_CONSTANT_CONVERSION = YES;
				CLANG_WARN_DIRECT_OBJC_ISA_USAGE = YES_ERROR;
				CLANG_WARN_DOCUMENTATION_COMMENTS = YES;
				CLANG_WARN_EMPTY_BODY = YES;
				CLANG_WARN_ENUM_CONVERSION = YES;
				CLANG_WARN_INFINITE_RECURSION = YES;
				CLANG_WARN_INT_CONVERSION = YES;
				CLANG_WARN_OBJC_ROOT_CLASS = YES_ERROR;
				CLANG_WARN_SUSPICIOUS_MOVE = YES;
				CLANG_WARN_UNREACHABLE_CODE = YES;
				CLANG_WARN__DUPLICATE_METHOD_MATCH = YES;
				"CODE_SIGN_IDENTITY[sdk=iphoneos*]" = "iPhone Developer";
				COPY_PHASE_STRIP = NO;
				DEBUG_INFORMATION_FORMAT = dwarf;
				ENABLE_STRICT_OBJC_MSGSEND = YES;
				ENABLE_TESTABILITY = YES;
				GCC_C_LANGUAGE_STANDARD = gnu99;
				GCC_DYNAMIC_NO_PIC = NO;
				GCC_NO_COMMON_BLOCKS = YES;
				GCC_OPTIMIZATION_LEVEL = 0;
				GCC_PREPROCESSOR_DEFINITIONS = (
					"DEBUG=1",
					"$(inherited)",
				);
				GCC_WARN_64_TO_32_BIT_CONVERSION = YES;
				GCC_WARN_ABOUT_RETURN_TYPE = YES_ERROR;
				GCC_WARN_UNDECLARED_SELECTOR = YES;
				GCC_WARN_UNINITIALIZED_AUTOS = YES_AGGRESSIVE;
				GCC_WARN_UNUSED_FUNCTION = YES;
				GCC_WARN_UNUSED_VARIABLE = YES;
				IPHONEOS_DEPLOYMENT_TARGET = 10.0;
				MTL_ENABLE_DEBUG_INFO = YES;
				ONLY_ACTIVE_ARCH = YES;
				SDKROOT = iphoneos;
				SWIFT_ACTIVE_COMPILATION_CONDITIONS = DEBUG;
				SWIFT_OPTIMIZATION_LEVEL = "-Onone";
				TARGETED_DEVICE_FAMILY = "1,2";
			};
			name = Debug;
		};
		1CD81ED71EEAED04006098D1 /* Release */ = {
			isa = XCBuildConfiguration;
			buildSettings = {
				ALWAYS_SEARCH_USER_PATHS = NO;
				CLANG_ANALYZER_NONNULL = YES;
				CLANG_ANALYZER_NUMBER_OBJECT_CONVERSION = YES_AGGRESSIVE;
				CLANG_CXX_LANGUAGE_STANDARD = "gnu++0x";
				CLANG_CXX_LIBRARY = "libc++";
				CLANG_ENABLE_MODULES = YES;
				CLANG_ENABLE_OBJC_ARC = YES;
				CLANG_WARN_BOOL_CONVERSION = YES;
				CLANG_WARN_CONSTANT_CONVERSION = YES;
				CLANG_WARN_DIRECT_OBJC_ISA_USAGE = YES_ERROR;
				CLANG_WARN_DOCUMENTATION_COMMENTS = YES;
				CLANG_WARN_EMPTY_BODY = YES;
				CLANG_WARN_ENUM_CONVERSION = YES;
				CLANG_WARN_INFINITE_RECURSION = YES;
				CLANG_WARN_INT_CONVERSION = YES;
				CLANG_WARN_OBJC_ROOT_CLASS = YES_ERROR;
				CLANG_WARN_SUSPICIOUS_MOVE = YES;
				CLANG_WARN_UNREACHABLE_CODE = YES;
				CLANG_WARN__DUPLICATE_METHOD_MATCH = YES;
				"CODE_SIGN_IDENTITY[sdk=iphoneos*]" = "iPhone Developer";
				COPY_PHASE_STRIP = NO;
				DEBUG_INFORMATION_FORMAT = "dwarf-with-dsym";
				ENABLE_NS_ASSERTIONS = NO;
				ENABLE_STRICT_OBJC_MSGSEND = YES;
				GCC_C_LANGUAGE_STANDARD = gnu99;
				GCC_NO_COMMON_BLOCKS = YES;
				GCC_WARN_64_TO_32_BIT_CONVERSION = YES;
				GCC_WARN_ABOUT_RETURN_TYPE = YES_ERROR;
				GCC_WARN_UNDECLARED_SELECTOR = YES;
				GCC_WARN_UNINITIALIZED_AUTOS = YES_AGGRESSIVE;
				GCC_WARN_UNUSED_FUNCTION = YES;
				GCC_WARN_UNUSED_VARIABLE = YES;
				IPHONEOS_DEPLOYMENT_TARGET = 10.0;
				MTL_ENABLE_DEBUG_INFO = NO;
				SDKROOT = iphoneos;
				SWIFT_OPTIMIZATION_LEVEL = "-Owholemodule";
				TARGETED_DEVICE_FAMILY = "1,2";
				VALIDATE_PRODUCT = YES;
			};
			name = Release;
		};
		1CD81ED91EEAED04006098D1 /* Debug */ = {
			isa = XCBuildConfiguration;
			buildSettings = {
				ASSETCATALOG_COMPILER_APPICON_NAME = AppIcon;
				CLANG_ENABLE_MODULES = YES;
				DEVELOPMENT_TEAM = M8B59A97XZ;
				INFOPLIST_FILE = XCSync/Info.plist;
				LD_RUNPATH_SEARCH_PATHS = "$(inherited) @executable_path/Frameworks";
				LIBRARY_SEARCH_PATHS = (
					"$(inherited)",
					"$(PROJECT_DIR)/XCSync",
				);
				PRODUCT_BUNDLE_IDENTIFIER = com.bradztech.XCSync;
				PRODUCT_NAME = "$(TARGET_NAME)";
				SWIFT_OBJC_BRIDGING_HEADER = "XCSync/XCSync-Bridging-Header.h";
				SWIFT_OPTIMIZATION_LEVEL = "-Onone";
				SWIFT_VERSION = 3.0;
				TARGETED_DEVICE_FAMILY = 1;
			};
			name = Debug;
		};
		1CD81EDA1EEAED04006098D1 /* Release */ = {
			isa = XCBuildConfiguration;
			buildSettings = {
				ASSETCATALOG_COMPILER_APPICON_NAME = AppIcon;
				CLANG_ENABLE_MODULES = YES;
				DEVELOPMENT_TEAM = M8B59A97XZ;
				INFOPLIST_FILE = XCSync/Info.plist;
				LD_RUNPATH_SEARCH_PATHS = "$(inherited) @executable_path/Frameworks";
				LIBRARY_SEARCH_PATHS = (
					"$(inherited)",
					"$(PROJECT_DIR)/XCSync",
				);
				PRODUCT_BUNDLE_IDENTIFIER = com.bradztech.XCSync;
				PRODUCT_NAME = "$(TARGET_NAME)";
				SWIFT_OBJC_BRIDGING_HEADER = "XCSync/XCSync-Bridging-Header.h";
				SWIFT_VERSION = 3.0;
				TARGETED_DEVICE_FAMILY = 1;
			};
			name = Release;
		};
/* End XCBuildConfiguration section */

/* Begin XCConfigurationList section */
		1CD81EBE1EEAED04006098D1 /* Build configuration list for PBXProject "XCSync" */ = {
			isa = XCConfigurationList;
			buildConfigurations = (
				1CD81ED61EEAED04006098D1 /* Debug */,
				1CD81ED71EEAED04006098D1 /* Release */,
			);
			defaultConfigurationIsVisible = 0;
			defaultConfigurationName = Release;
		};
		1CD81ED81EEAED04006098D1 /* Build configuration list for PBXNativeTarget "XCSync" */ = {
			isa = XCConfigurationList;
			buildConfigurations = (
				1CD81ED91EEAED04006098D1 /* Debug */,
				1CD81EDA1EEAED04006098D1 /* Release */,
			);
			defaultConfigurationIsVisible = 0;
			defaultConfigurationName = Release;
		};
/* End XCConfigurationList section */

/* Begin XCVersionGroup section */
		1CD81ECD1EEAED04006098D1 /* XCSync.xcdatamodeld */ = {
			isa = XCVersionGroup;
			children = (
				1CD81ECE1EEAED04006098D1 /* XCSync.xcdatamodel */,
			);
			currentVersion = 1CD81ECE1EEAED04006098D1 /* XCSync.xcdatamodel */;
			path = XCSync.xcdatamodeld;
			sourceTree = "<group>";
			versionGroupType = wrapper.xcdatamodel;
		};
/* End XCVersionGroup section */
	};
	rootObject = 1CD81EBB1EEAED04006098D1 /* Project object */;
}
